
Microsoft Visual Studio Solution File, Format Version 12.00
# Visual Studio Version 17
VisualStudioVersion = 17.14.36408.4 d17.14
MinimumVisualStudioVersion = 10.0.40219.1
Project("{FAE04EC0-301F-11D3-BF4B-00C04F79EFBC}") = "DataTransferDebugger", "DataTransferDebugger\DataTransferDebugger.csproj", "{88884B4B-44C3-4C2E-9FA3-100A3BE834FA}"
EndProject
Global
	GlobalSection(SolutionConfigurationPlatforms) = preSolution
		Debug|Any CPU = Debug|Any CPU
		Release|Any CPU = Release|Any CPU
	EndGlobalSection
	GlobalSection(ProjectConfigurationPlatforms) = postSolution
		{88884B4B-44C3-4C2E-9FA3-100A3BE834FA}.Debug|Any CPU.ActiveCfg = Debug|Any CPU
		{88884B4B-44C3-4C2E-9FA3-100A3BE834FA}.Debug|Any CPU.Build.0 = Debug|Any CPU
		{88884B4B-44C3-4C2E-9FA3-100A3BE834FA}.Release|Any CPU.ActiveCfg = Release|Any CPU
		{88884B4B-44C3-4C2E-9FA3-100A3BE834FA}.Release|Any CPU.Build.0 = Release|Any CPU
	EndGlobalSection
	GlobalSection(SolutionProperties) = preSolution
		HideSolutionNode = FALSE
	EndGlobalSection
	GlobalSection(ExtensibilityGlobals) = postSolution
		SolutionGuid = {7C08BABC-3C07-4DE4-8CB6-E233F9B86842}
	EndGlobalSection
EndGlobal
